
Microsoft Visual Studio Solution File, Format Version 12.00
# Visual Studio Version 16
VisualStudioVersion = 16.0.28922.388
MinimumVisualStudioVersion = 10.0.40219.1
Project("{FAE04EC0-301F-11D3-BF4B-00C04F79EFBC}") = "CRUDWEP", "CRUDWEP.csproj", "{72132349-9E8E-4266-A854-51DE980786C9}"
EndProject
Global
	GlobalSection(SolutionConfigurationPlatforms) = preSolution
		Debug|Any CPU = Debug|Any CPU
		Release|Any CPU = Release|Any CPU
	EndGlobalSection
	GlobalSection(ProjectConfigurationPlatforms) = postSolution
		{72132349-9E8E-4266-A854-51DE980786C9}.Debug|Any CPU.ActiveCfg = Debug|Any CPU
		{72132349-9E8E-4266-A854-51DE980786C9}.Debug|Any CPU.Build.0 = Debug|Any CPU
		{72132349-9E8E-4266-A854-51DE980786C9}.Release|Any CPU.ActiveCfg = Release|Any CPU
		{72132349-9E8E-4266-A854-51DE980786C9}.Release|Any CPU.Build.0 = Release|Any CPU
	EndGlobalSection
	GlobalSection(SolutionProperties) = preSolution
		HideSolutionNode = FALSE
	EndGlobalSection
	GlobalSection(ExtensibilityGlobals) = postSolution
		SolutionGuid = {0E1B3344-2182-4502-A37B-655543BC079B}
	EndGlobalSection
EndGlobal
